PODS:
  - Realm (3.7.3):
    - Realm/Headers (= 3.7.3)
  - Realm/Headers (3.7.3)
  - RealmSwift (3.7.3):
    - Realm (= 3.7.3)
  - RxCocoa (4.2.0):
    - RxSwift (~> 4.0)
  - RxSwift (4.2.0)

DEPENDENCIES:
  - RealmSwift
  - RxCocoa
  - RxSwift

SPEC REPOS:
  https://github.com/cocoapods/specs.git:
    - Realm
    - RealmSwift
    - RxCocoa
    - RxSwift

SPEC CHECKSUMS:
  Realm: f366e954e3330d4915a319e96cc04e2ee09a9ef2
  RealmSwift: 56f111b1dd439973fbe1c066b067ac4702285441
  RxCocoa: 0b54909c902e1e581212a03e690bbd94032d8baa
  RxSwift: 99e10317ddfcc7fbe01356aafd118fde4a0be104

PODFILE CHECKSUM: dd9b408515010390e9f461a0e2a22b40d40f5b76

COCOAPODS: 1.7.2
